
Microsoft Visual Studio Solution File, Format Version 12.00
Project("{FAE04EC0-301F-11D3-BF4B-00C04F79EFBC}") = "crud-products", "crud-products\crud-products.csproj", "{563C0C18-8969-4BA0-A9D6-D0D5F43E01F4}"
EndProject
Global
	GlobalSection(SolutionConfigurationPlatforms) = preSolution
		Debug|Any CPU = Debug|Any CPU
		Release|Any CPU = Release|Any CPU
	EndGlobalSection
	GlobalSection(ProjectConfigurationPlatforms) = postSolution
		{563C0C18-8969-4BA0-A9D6-D0D5F43E01F4}.Debug|Any CPU.ActiveCfg = Debug|Any CPU
		{563C0C18-8969-4BA0-A9D6-D0D5F43E01F4}.Debug|Any CPU.Build.0 = Debug|Any CPU
		{563C0C18-8969-4BA0-A9D6-D0D5F43E01F4}.Release|Any CPU.ActiveCfg = Release|Any CPU
		{563C0C18-8969-4BA0-A9D6-D0D5F43E01F4}.Release|Any CPU.Build.0 = Release|Any CPU
	EndGlobalSection
EndGlobal
